<?xml version="1.0" encoding="utf-8"?>
<Project ToolsVersion="4.0" xmlns="http://schemas.microsoft.com/developer/msbuild/2003">
  <ItemGroup>
    <Filter Include="Src">
      <UniqueIdentifier>{4FC737F1-C7A5-4376-A066-2A32D752A2FF}</UniqueIdentifier>
      <Extensions>cpp;c;cc;cxx;def;odl;idl;hpj;bat;asm;asmx</Extensions>
    </Filter>
    <Filter Include="Include">
      <UniqueIdentifier>{93995380-89BD-4b04-88EB-625FBE52EBFB}</UniqueIdentifier>
      <Extensions>h;hh;hpp;hxx;hm;inl;inc;xsd</Extensions>
    </Filter>
    <Filter Include="Include\Tools">
      <UniqueIdentifier>{b15364f9-9936-4b7b-a96b-7c42f0b42462}</UniqueIdentifier>
      <Extensions>h;</Extensions>
    </Filter>
    <Filter Include="Include\ToolOptions">
      <UniqueIdentifier>{4cba8cd3-e58f-4e75-b068-c8fe7ef5635a}</UniqueIdentifier>
      <Extensions>h;</Extensions>
    </Filter>
    <Filter Include="Src\Tools">
      <UniqueIdentifier>{a0222ea0-3dab-4d2a-914b-0422cd266d54}</UniqueIdentifier>
      <Extensions>cpp;</Extensions>
    </Filter>
    <Filter Include="Src\Commands">
      <UniqueIdentifier>{51c29a5a-4058-4c56-bbf2-7809b9cd2529}</UniqueIdentifier>
      <Extensions>cpp;</Extensions>
    </Filter>
    <Filter Include="Src\ToolOptions">
      <UniqueIdentifier>{5e4ae000-acb3-4d49-93e1-015ba0e5ff53}</UniqueIdentifier>
      <Extensions>cpp;</Extensions>
    </Filter>
    <Filter Include="Include\Commands">
      <UniqueIdentifier>{171c9609-b776-484a-9883-f70c778b22b0}</UniqueIdentifier>
      <Extensions>h;</Extensions>
    </Filter>
    <Filter Include="Include\Core">
      <UniqueIdentifier>{fb9432fc-25dd-4ffa-b009-e31e3162a556}</UniqueIdentifier>
      <Extensions>h;</Extensions>
    </Filter>
    <Filter Include="Src\Core">
      <UniqueIdentifier>{6ab50440-ff17-4bf7-93d6-48d127b7a884}</UniqueIdentifier>
      <Extensions>cpp;</Extensions>
    </Filter>
    <Filter Include="Include\History">
      <UniqueIdentifier>{5c68b530-07f6-4dc9-b153-c9a5218a46db}</UniqueIdentifier>
    </Filter>
    <Filter Include="Src\History">
      <UniqueIdentifier>{958037e3-eb19-4fe4-8c14-7f0e812f503d}</UniqueIdentifier>
    </Filter>
    <Filter Include="Include\Events">
      <UniqueIdentifier>{aa78d2f6-36c9-4e16-9c8c-68350d2b95af}</UniqueIdentifier>
    </Filter>
    <Filter Include="Src\Event">
      <UniqueIdentifier>{4378026b-7cf5-49bb-b805-a9d7a428ca10}</UniqueIdentifier>
    </Filter>
  </ItemGroup>
  <ItemGroup>
    <ClInclude Include="Include\Application.h">
      <Filter>Include\Core</Filter>
    </ClInclude>
    <ClInclude Include="Include\BitA.h">
      <Filter>Include\Core</Filter>
    </ClInclude>
    <ClInclude Include="Include\CharTable.h">
      <Filter>Include\Core</Filter>
    </ClInclude>
    <ClInclude Include="Include\Command.h">
      <Filter>Include\Core</Filter>
    </ClInclude>
    <ClInclude Include="Include\Command_Load.h">
      <Filter>Include\Commands</Filter>
    </ClInclude>
    <ClInclude Include="Include\Command_NewFile.h">
      <Filter>Include\Commands</Filter>
    </ClInclude>
    <ClInclude Include="Include\Command_Save.h">
      <Filter>Include\Commands</Filter>
    </ClInclude>
    <ClInclude Include="Include\Command_SaveAs.h">
      <Filter>Include\Commands</Filter>
    </ClInclude>
    <ClInclude Include="Include\Range.h">
      <Filter>Include\Core</Filter>
    </ClInclude>
    <ClInclude Include="Include\Tool.h">
      <Filter>Include\Core</Filter>
    </ClInclude>
    <ClInclude Include="Include\Tool_Brush.h">
      <Filter>Include\Tools</Filter>
    </ClInclude>
    <ClInclude Include="Include\Tool_Picker.h">
      <Filter>Include\Tools</Filter>
    </ClInclude>
    <ClInclude Include="Include\ToolOption.h">
      <Filter>Include\Core</Filter>
    </ClInclude>
    <ClInclude Include="Include\ToolOptionCharTable.h">
      <Filter>Include\ToolOptions</Filter>
    </ClInclude>
    <ClInclude Include="Include\ToolOptionColor.h">
      <Filter>Include\ToolOptions</Filter>
    </ClInclude>
    <ClInclude Include="Include\ToolsManager.h">
      <Filter>Include\Core</Filter>
    </ClInclude>
    <ClInclude Include="Include\Vector2D.h">
      <Filter>Include\Core</Filter>
    </ClInclude>
    <ClInclude Include="Include\CommandLine.h">
      <Filter>Include\Core</Filter>
    </ClInclude>
    <ClInclude Include="Include\History.h">
      <Filter>Include\Core</Filter>
    </ClInclude>
    <ClInclude Include="Include\HistoryManager.h">
      <Filter>Include\Core</Filter>
    </ClInclude>
    <ClInclude Include="Include\ColorHistory.h">
      <Filter>Include\History</Filter>
    </ClInclude>
    <ClInclude Include="Include\WcharHistory.h">
      <Filter>Include\History</Filter>
    </ClInclude>
    <ClInclude Include="Include\MarkHistory.h">
      <Filter>Include\History</Filter>
    </ClInclude>
    <ClInclude Include="Include\Event.h">
      <Filter>Include\Events</Filter>
    </ClInclude>
    <ClInclude Include="Include\Keyboard.h">
      <Filter>Include\Events</Filter>
    </ClInclude>
    <ClInclude Include="Include\KeyboardEvent.h">
      <Filter>Include\Events</Filter>
    </ClInclude>
  </ItemGroup>
  <ItemGroup>
    <ClCompile Include="Src\application.cpp">
      <Filter>Src\Core</Filter>
    </ClCompile>
    <ClCompile Include="Src\BitA.cpp">
      <Filter>Src\Core</Filter>
    </ClCompile>
    <ClCompile Include="Src\CharTable.cpp">
      <Filter>Src\Core</Filter>
    </ClCompile>
    <ClCompile Include="Src\Command.cpp">
      <Filter>Src\Core</Filter>
    </ClCompile>
    <ClCompile Include="Src\Command_Load.cpp">
      <Filter>Src\Commands</Filter>
    </ClCompile>
    <ClCompile Include="Src\Command_NewFile.cpp">
      <Filter>Src\Commands</Filter>
    </ClCompile>
    <ClCompile Include="Src\Command_Save.cpp">
      <Filter>Src\Commands</Filter>
    </ClCompile>
    <ClCompile Include="Src\Command_SaveAs.cpp">
      <Filter>Src\Commands</Filter>
    </ClCompile>
    <ClCompile Include="Src\CommandLine.cpp">
      <Filter>Src\Core</Filter>
    </ClCompile>
    <ClCompile Include="Src\Range.cpp">
      <Filter>Src\Core</Filter>
    </ClCompile>
    <ClCompile Include="Src\Tool.cpp">
      <Filter>Src\Core</Filter>
    </ClCompile>
    <ClCompile Include="Src\Tool_Brush.cpp">
      <Filter>Src\Tools</Filter>
    </ClCompile>
    <ClCompile Include="Src\Tool_Picker.cpp">
      <Filter>Src\Tools</Filter>
    </ClCompile>
    <ClCompile Include="Src\ToolOption.cpp">
      <Filter>Src\Core</Filter>
    </ClCompile>
    <ClCompile Include="Src\ToolOptionCharTable.cpp">
      <Filter>Src\ToolOptions</Filter>
    </ClCompile>
    <ClCompile Include="Src\ToolOptionColor.cpp">
      <Filter>Src\ToolOptions</Filter>
    </ClCompile>
    <ClCompile Include="Src\ToolsManager.cpp">
      <Filter>Src\Core</Filter>
    </ClCompile>
    <ClCompile Include="Src\Vector2D.cpp">
      <Filter>Src\Core</Filter>
    </ClCompile>
    <ClCompile Include="Src\main.cpp" />
    <ClCompile Include="Src\History.cpp">
      <Filter>Src\Core</Filter>
    </ClCompile>
    <ClCompile Include="Src\HistoryManager.cpp">
      <Filter>Src\Core</Filter>
    </ClCompile>
    <ClCompile Include="Src\ColorHistory.cpp">
      <Filter>Src\History</Filter>
    </ClCompile>
    <ClCompile Include="Src\WcharHistory.cpp">
      <Filter>Src\History</Filter>
    </ClCompile>
    <ClCompile Include="Src\MarkHistory.cpp">
      <Filter>Src\History</Filter>
    </ClCompile>
    <ClCompile Include="Src\Event.cpp">
      <Filter>Src\Event</Filter>
    </ClCompile>
    <ClCompile Include="Src\Keyboard.cpp">
      <Filter>Src\Event</Filter>
    </ClCompile>
    <ClCompile Include="Src\KeyboardEvent.cpp">
      <Filter>Src\Event</Filter>
    </ClCompile>
  </ItemGroup>
</Project>